
Microsoft Visual Studio Solution File, Format Version 12.00
# Visual Studio Version 16
VisualStudioVersion = 16.0.29409.12
MinimumVisualStudioVersion = 10.0.40219.1
Project("{9A19103F-16F7-4668-BE54-9A1E7A4F7556}") = "RestaurantRecommender.API", "RestaurantRecommender.API\RestaurantRecommender.API.csproj", "{A46FA18F-5056-47C8-83AC-2BCBC3C8DFD5}"
EndProject
Project("{9A19103F-16F7-4668-BE54-9A1E7A4F7556}") = "RestaurantRecommender.MLTrainer", "RestaurantRecommender.MLTrainer\RestaurantRecommender.MLTrainer.csproj", "{ACED26DC-FDA6-46C0-840F-361386F14780}"
EndProject
Project("{9A19103F-16F7-4668-BE54-9A1E7A4F7556}") = "RestaurantRecommender.MLCommon", "RestaurantRecommender.MLCommon\RestaurantRecommender.MLCommon.csproj", "{0398973E-692A-4F7D-B6FA-FEF4C610C996}"
EndProject
Project("{9A19103F-16F7-4668-BE54-9A1E7A4F7556}") = "RestaurantRecommender.Services", "RestaurantRecommender.Services\RestaurantRecommender.Services.csproj", "{6E66BFA8-45BD-4DBE-8281-F1110225E5AD}"
EndProject
Project("{FAE04EC0-301F-11D3-BF4B-00C04F79EFBC}") = "RestaurantRecommender.Mobile.AndroidApp", "RestaurantRecommender.Mobile.AndroidApp\RestaurantRecommender.Mobile.AndroidApp.csproj", "{ED72B99E-D015-466B-B1C7-4CDB3F02932E}"
EndProject
Global
	GlobalSection(SolutionConfigurationPlatforms) = preSolution
		Debug|Any CPU = Debug|Any CPU
		Release|Any CPU = Release|Any CPU
	EndGlobalSection
	GlobalSection(ProjectConfigurationPlatforms) = postSolution
		{A46FA18F-5056-47C8-83AC-2BCBC3C8DFD5}.Debug|Any CPU.ActiveCfg = Debug|Any CPU
		{A46FA18F-5056-47C8-83AC-2BCBC3C8DFD5}.Debug|Any CPU.Build.0 = Debug|Any CPU
		{A46FA18F-5056-47C8-83AC-2BCBC3C8DFD5}.Release|Any CPU.ActiveCfg = Release|Any CPU
		{A46FA18F-5056-47C8-83AC-2BCBC3C8DFD5}.Release|Any CPU.Build.0 = Release|Any CPU
		{ACED26DC-FDA6-46C0-840F-361386F14780}.Debug|Any CPU.ActiveCfg = Debug|Any CPU
		{ACED26DC-FDA6-46C0-840F-361386F14780}.Debug|Any CPU.Build.0 = Debug|Any CPU
		{ACED26DC-FDA6-46C0-840F-361386F14780}.Release|Any CPU.ActiveCfg = Release|Any CPU
		{ACED26DC-FDA6-46C0-840F-361386F14780}.Release|Any CPU.Build.0 = Release|Any CPU
		{0398973E-692A-4F7D-B6FA-FEF4C610C996}.Debug|Any CPU.ActiveCfg = Debug|Any CPU
		{0398973E-692A-4F7D-B6FA-FEF4C610C996}.Debug|Any CPU.Build.0 = Debug|Any CPU
		{0398973E-692A-4F7D-B6FA-FEF4C610C996}.Release|Any CPU.ActiveCfg = Release|Any CPU
		{0398973E-692A-4F7D-B6FA-FEF4C610C996}.Release|Any CPU.Build.0 = Release|Any CPU
		{6E66BFA8-45BD-4DBE-8281-F1110225E5AD}.Debug|Any CPU.ActiveCfg = Debug|Any CPU
		{6E66BFA8-45BD-4DBE-8281-F1110225E5AD}.Debug|Any CPU.Build.0 = Debug|Any CPU
		{6E66BFA8-45BD-4DBE-8281-F1110225E5AD}.Release|Any CPU.ActiveCfg = Release|Any CPU
		{6E66BFA8-45BD-4DBE-8281-F1110225E5AD}.Release|Any CPU.Build.0 = Release|Any CPU
		{ED72B99E-D015-466B-B1C7-4CDB3F02932E}.Debug|Any CPU.ActiveCfg = Debug|Any CPU
		{ED72B99E-D015-466B-B1C7-4CDB3F02932E}.Debug|Any CPU.Build.0 = Debug|Any CPU
		{ED72B99E-D015-466B-B1C7-4CDB3F02932E}.Debug|Any CPU.Deploy.0 = Debug|Any CPU
		{ED72B99E-D015-466B-B1C7-4CDB3F02932E}.Release|Any CPU.ActiveCfg = Release|Any CPU
		{ED72B99E-D015-466B-B1C7-4CDB3F02932E}.Release|Any CPU.Build.0 = Release|Any CPU
		{ED72B99E-D015-466B-B1C7-4CDB3F02932E}.Release|Any CPU.Deploy.0 = Release|Any CPU
	EndGlobalSection
	GlobalSection(SolutionProperties) = preSolution
		HideSolutionNode = FALSE
	EndGlobalSection
	GlobalSection(ExtensibilityGlobals) = postSolution
		SolutionGuid = {7B9CEE81-585A-4015-A440-07A2A75E8838}
	EndGlobalSection
EndGlobal
